
Microsoft Visual Studio Solution File, Format Version 12.00
# Visual Studio Version 16
VisualStudioVersion = 16.0.34407.143
MinimumVisualStudioVersion = 10.0.40219.1
Project("{FAE04EC0-301F-11D3-BF4B-00C04F79EFBC}") = "TestPro", "TestPro\TestPro.csproj", "{5A898C5A-9323-455E-B957-1C6017BD61C2}"
EndProject
Global
	GlobalSection(SolutionConfigurationPlatforms) = preSolution
		Debug|Any CPU = Debug|Any CPU
		Release|Any CPU = Release|Any CPU
	EndGlobalSection
	GlobalSection(ProjectConfigurationPlatforms) = postSolution
		{5A898C5A-9323-455E-B957-1C6017BD61C2}.Debug|Any CPU.ActiveCfg = Debug|Any CPU
		{5A898C5A-9323-455E-B957-1C6017BD61C2}.Debug|Any CPU.Build.0 = Debug|Any CPU
		{5A898C5A-9323-455E-B957-1C6017BD61C2}.Release|Any CPU.ActiveCfg = Release|Any CPU
		{5A898C5A-9323-455E-B957-1C6017BD61C2}.Release|Any CPU.Build.0 = Release|Any CPU
	EndGlobalSection
	GlobalSection(SolutionProperties) = preSolution
		HideSolutionNode = FALSE
	EndGlobalSection
	GlobalSection(ExtensibilityGlobals) = postSolution
		SolutionGuid = {AD0700B8-CBBA-48C2-B550-7EC9F2FB72D5}
	EndGlobalSection
EndGlobal
